
Microsoft Visual Studio Solution File, Format Version 12.00
# Visual Studio 2012
Project("{FAE04EC0-301F-11D3-BF4B-00C04F79EFBC}") = "01.LeapYear", "01.LeapYear\01.LeapYear.csproj", "{E3D43B05-E8D8-4B70-A776-2350EB633467}"
EndProject
Project("{FAE04EC0-301F-11D3-BF4B-00C04F79EFBC}") = "02.RandomNumbers", "02.RandomNumbers\02.RandomNumbers.csproj", "{A3CEFBEE-4CB1-4B57-861E-61B35330B085}"
EndProject
Project("{FAE04EC0-301F-11D3-BF4B-00C04F79EFBC}") = "03.WhichDayIsToday", "03.WhichDayIsToday\03.WhichDayIsToday.csproj", "{47AF6158-1088-4075-BDF1-E9854D12A07B}"
EndProject
Project("{FAE04EC0-301F-11D3-BF4B-00C04F79EFBC}") = "04.TriangleSurface", "04.TriangleSurface\04.TriangleSurface.csproj", "{573018C8-1DA3-4C0D-866A-7EFF1B67C0A8}"
EndProject
Project("{FAE04EC0-301F-11D3-BF4B-00C04F79EFBC}") = "05.WorkDaysNumber", "05.WorkDaysNumber\05.WorkDaysNumber.csproj", "{A0F4CC89-FAE2-4C31-A48F-77E5D43E9F45}"
EndProject
Project("{FAE04EC0-301F-11D3-BF4B-00C04F79EFBC}") = "06.CalcSumOfSequence", "06.CalcSumOfSequence\06.CalcSumOfSequence.csproj", "{DAD197FF-1B8D-49C2-8B7C-0E6F3F00089F}"
EndProject
Global
	GlobalSection(SolutionConfigurationPlatforms) = preSolution
		Debug|Any CPU = Debug|Any CPU
		Release|Any CPU = Release|Any CPU
	EndGlobalSection
	GlobalSection(ProjectConfigurationPlatforms) = postSolution
		{E3D43B05-E8D8-4B70-A776-2350EB633467}.Debug|Any CPU.ActiveCfg = Debug|Any CPU
		{E3D43B05-E8D8-4B70-A776-2350EB633467}.Debug|Any CPU.Build.0 = Debug|Any CPU
		{E3D43B05-E8D8-4B70-A776-2350EB633467}.Release|Any CPU.ActiveCfg = Release|Any CPU
		{E3D43B05-E8D8-4B70-A776-2350EB633467}.Release|Any CPU.Build.0 = Release|Any CPU
		{A3CEFBEE-4CB1-4B57-861E-61B35330B085}.Debug|Any CPU.ActiveCfg = Debug|Any CPU
		{A3CEFBEE-4CB1-4B57-861E-61B35330B085}.Debug|Any CPU.Build.0 = Debug|Any CPU
		{A3CEFBEE-4CB1-4B57-861E-61B35330B085}.Release|Any CPU.ActiveCfg = Release|Any CPU
		{A3CEFBEE-4CB1-4B57-861E-61B35330B085}.Release|Any CPU.Build.0 = Release|Any CPU
		{47AF6158-1088-4075-BDF1-E9854D12A07B}.Debug|Any CPU.ActiveCfg = Debug|Any CPU
		{47AF6158-1088-4075-BDF1-E9854D12A07B}.Debug|Any CPU.Build.0 = Debug|Any CPU
		{47AF6158-1088-4075-BDF1-E9854D12A07B}.Release|Any CPU.ActiveCfg = Release|Any CPU
		{47AF6158-1088-4075-BDF1-E9854D12A07B}.Release|Any CPU.Build.0 = Release|Any CPU
		{573018C8-1DA3-4C0D-866A-7EFF1B67C0A8}.Debug|Any CPU.ActiveCfg = Debug|Any CPU
		{573018C8-1DA3-4C0D-866A-7EFF1B67C0A8}.Debug|Any CPU.Build.0 = Debug|Any CPU
		{573018C8-1DA3-4C0D-866A-7EFF1B67C0A8}.Release|Any CPU.ActiveCfg = Release|Any CPU
		{573018C8-1DA3-4C0D-866A-7EFF1B67C0A8}.Release|Any CPU.Build.0 = Release|Any CPU
		{A0F4CC89-FAE2-4C31-A48F-77E5D43E9F45}.Debug|Any CPU.ActiveCfg = Debug|Any CPU
		{A0F4CC89-FAE2-4C31-A48F-77E5D43E9F45}.Debug|Any CPU.Build.0 = Debug|Any CPU
		{A0F4CC89-FAE2-4C31-A48F-77E5D43E9F45}.Release|Any CPU.ActiveCfg = Release|Any CPU
		{A0F4CC89-FAE2-4C31-A48F-77E5D43E9F45}.Release|Any CPU.Build.0 = Release|Any CPU
		{DAD197FF-1B8D-49C2-8B7C-0E6F3F00089F}.Debug|Any CPU.ActiveCfg = Debug|Any CPU
		{DAD197FF-1B8D-49C2-8B7C-0E6F3F00089F}.Debug|Any CPU.Build.0 = Debug|Any CPU
		{DAD197FF-1B8D-49C2-8B7C-0E6F3F00089F}.Release|Any CPU.ActiveCfg = Release|Any CPU
		{DAD197FF-1B8D-49C2-8B7C-0E6F3F00089F}.Release|Any CPU.Build.0 = Release|Any CPU
	EndGlobalSection
	GlobalSection(SolutionProperties) = preSolution
		HideSolutionNode = FALSE
	EndGlobalSection
EndGlobal
